
Microsoft Visual Studio Solution File, Format Version 12.00
Project("{FAE04EC0-301F-11D3-BF4B-00C04F79EFBC}") = "ApplicationCore", "ApplicationCore\ApplicationCore.csproj", "{A290DDBD-CBE3-4C49-92A8-C8726D24E5B3}"
EndProject
Project("{FAE04EC0-301F-11D3-BF4B-00C04F79EFBC}") = "Infrastructure", "Infrastructure\Infrastructure.csproj", "{6021EB59-C38A-4581-A02F-91E8107431AD}"
EndProject
Project("{FAE04EC0-301F-11D3-BF4B-00C04F79EFBC}") = "RecruitingWeb", "RecruitingWeb\RecruitingWeb.csproj", "{356BA48B-1FD3-44F6-A0BC-93F15B023992}"
EndProject
Project("{FAE04EC0-301F-11D3-BF4B-00C04F79EFBC}") = "Recruiting.API", "Recruiting.API\Recruiting.API.csproj", "{B3F8B468-E562-44FF-9777-49345E69E857}"
EndProject
Project("{2150E333-8FDC-42A3-9474-1A3956D46DE8}") = "Recruiting", "Recruiting", "{08946DBA-DF8A-43C5-B239-EDBAEA814CBE}"
EndProject
Project("{2150E333-8FDC-42A3-9474-1A3956D46DE8}") = "Authentication", "Authentication", "{4C82C308-50D9-4D98-BFA7-A58479ECE216}"
EndProject
Project("{2150E333-8FDC-42A3-9474-1A3956D46DE8}") = "Onboarding", "Onboarding", "{AA9C2AD6-B9EC-43F5-8835-B51F9A31543A}"
EndProject
Project("{2150E333-8FDC-42A3-9474-1A3956D46DE8}") = "Interview", "Interview", "{CC36D03A-7CF6-489D-9C3A-0307B0A56DBD}"
EndProject
Global
	GlobalSection(SolutionConfigurationPlatforms) = preSolution
		Debug|Any CPU = Debug|Any CPU
		Release|Any CPU = Release|Any CPU
	EndGlobalSection
	GlobalSection(ProjectConfigurationPlatforms) = postSolution
		{A290DDBD-CBE3-4C49-92A8-C8726D24E5B3}.Debug|Any CPU.ActiveCfg = Debug|Any CPU
		{A290DDBD-CBE3-4C49-92A8-C8726D24E5B3}.Debug|Any CPU.Build.0 = Debug|Any CPU
		{A290DDBD-CBE3-4C49-92A8-C8726D24E5B3}.Release|Any CPU.ActiveCfg = Release|Any CPU
		{A290DDBD-CBE3-4C49-92A8-C8726D24E5B3}.Release|Any CPU.Build.0 = Release|Any CPU
		{6021EB59-C38A-4581-A02F-91E8107431AD}.Debug|Any CPU.ActiveCfg = Debug|Any CPU
		{6021EB59-C38A-4581-A02F-91E8107431AD}.Debug|Any CPU.Build.0 = Debug|Any CPU
		{6021EB59-C38A-4581-A02F-91E8107431AD}.Release|Any CPU.ActiveCfg = Release|Any CPU
		{6021EB59-C38A-4581-A02F-91E8107431AD}.Release|Any CPU.Build.0 = Release|Any CPU
		{356BA48B-1FD3-44F6-A0BC-93F15B023992}.Debug|Any CPU.ActiveCfg = Debug|Any CPU
		{356BA48B-1FD3-44F6-A0BC-93F15B023992}.Debug|Any CPU.Build.0 = Debug|Any CPU
		{356BA48B-1FD3-44F6-A0BC-93F15B023992}.Release|Any CPU.ActiveCfg = Release|Any CPU
		{356BA48B-1FD3-44F6-A0BC-93F15B023992}.Release|Any CPU.Build.0 = Release|Any CPU
		{B3F8B468-E562-44FF-9777-49345E69E857}.Debug|Any CPU.ActiveCfg = Debug|Any CPU
		{B3F8B468-E562-44FF-9777-49345E69E857}.Debug|Any CPU.Build.0 = Debug|Any CPU
		{B3F8B468-E562-44FF-9777-49345E69E857}.Release|Any CPU.ActiveCfg = Release|Any CPU
		{B3F8B468-E562-44FF-9777-49345E69E857}.Release|Any CPU.Build.0 = Release|Any CPU
	EndGlobalSection
	GlobalSection(NestedProjects) = preSolution
		{A290DDBD-CBE3-4C49-92A8-C8726D24E5B3} = {08946DBA-DF8A-43C5-B239-EDBAEA814CBE}
		{6021EB59-C38A-4581-A02F-91E8107431AD} = {08946DBA-DF8A-43C5-B239-EDBAEA814CBE}
		{B3F8B468-E562-44FF-9777-49345E69E857} = {08946DBA-DF8A-43C5-B239-EDBAEA814CBE}
		{356BA48B-1FD3-44F6-A0BC-93F15B023992} = {08946DBA-DF8A-43C5-B239-EDBAEA814CBE}
	EndGlobalSection
EndGlobal
